<?xml version="1.0" encoding="utf-8"?>
<Project ToolsVersion="4.0" xmlns="http://schemas.microsoft.com/developer/msbuild/2003">
  <ItemGroup>
    <Filter Include="Source Files">
      <UniqueIdentifier>{f104f766-5d50-40e2-911a-9480db8a063c}</UniqueIdentifier>
      <Extensions>cpp;c;cxx;rc;def;r;odl;idl;hpj;bat</Extensions>
    </Filter>
    <Filter Include="Header Files">
      <UniqueIdentifier>{934ca6f5-0f59-4066-9df9-76287d7bce4a}</UniqueIdentifier>
      <Extensions>h;hpp;hxx;hm;inl</Extensions>
    </Filter>
    <Filter Include="Resource Files">
      <UniqueIdentifier>{edf5ea03-9a82-4f53-9cca-3851ba60bf26}</UniqueIdentifier>
      <Extensions>ico;cur;bmp;dlg;rc2;rct;bin;rgs;gif;jpg;jpeg;jpe</Extensions>
    </Filter>
    <Filter Include="Common">
      <UniqueIdentifier>{447b02fb-44d7-4622-bf87-9c30216c3df1}</UniqueIdentifier>
    </Filter>
    <Filter Include="Neural">
      <UniqueIdentifier>{beca4676-9ae1-497a-9391-036c092a3974}</UniqueIdentifier>
    </Filter>
  </ItemGroup>
  <ItemGroup>
    <ClCompile Include="Board.cpp">
      <Filter>Source Files</Filter>
    </ClCompile>
    <ClCompile Include="GESTUREAPP.cpp">
      <Filter>Source Files</Filter>
    </ClCompile>
    <ClCompile Include="Main.cpp">
      <Filter>Source Files</Filter>
    </ClCompile>
    <ClCompile Include="stdafx.cpp">
      <Filter>Source Files</Filter>
    </ClCompile>
    <ClCompile Include="MLNet.cpp">
      <Filter>Neural</Filter>
    </ClCompile>
  </ItemGroup>
  <ItemGroup>
    <Midl Include="GESTUREAPP.idl">
      <Filter>Source Files</Filter>
    </Midl>
  </ItemGroup>
  <ItemGroup>
    <ResourceCompile Include="GestureApp.rc">
      <Filter>Source Files</Filter>
    </ResourceCompile>
  </ItemGroup>
  <ItemGroup>
    <ClInclude Include="AboutBox.h">
      <Filter>Header Files</Filter>
    </ClInclude>
    <ClInclude Include="Board.h">
      <Filter>Header Files</Filter>
    </ClInclude>
    <ClInclude Include="CustTestDlg.h">
      <Filter>Header Files</Filter>
    </ClInclude>
    <ClInclude Include="Main.h">
      <Filter>Header Files</Filter>
    </ClInclude>
    <ClInclude Include="resource.h">
      <Filter>Header Files</Filter>
    </ClInclude>
    <ClInclude Include="stdafx.h">
      <Filter>Header Files</Filter>
    </ClInclude>
    <ClInclude Include="TrainOptDlg.h">
      <Filter>Header Files</Filter>
    </ClInclude>
    <ClInclude Include="AnimationCtrl.h">
      <Filter>Common</Filter>
    </ClInclude>
    <ClInclude Include="ATLControls.h">
      <Filter>Common</Filter>
    </ClInclude>
    <ClInclude Include="kbase.h">
      <Filter>Common</Filter>
    </ClInclude>
    <ClInclude Include="SelectionSliderCtrl.h">
      <Filter>Common</Filter>
    </ClInclude>
    <ClInclude Include="GestureData.h">
      <Filter>Neural</Filter>
    </ClInclude>
    <ClInclude Include="GestureLearn.h">
      <Filter>Neural</Filter>
    </ClInclude>
    <ClInclude Include="MLNet.h">
      <Filter>Neural</Filter>
    </ClInclude>
  </ItemGroup>
  <ItemGroup>
    <Image Include="Res\b1.jpg">
      <Filter>Resource Files</Filter>
    </Image>
  </ItemGroup>
</Project>