<?xml version="1.0" encoding="utf-8"?>
<Project ToolsVersion="4.0" xmlns="http://schemas.microsoft.com/developer/msbuild/2003">
  <ItemGroup>
    <Filter Include="Source Files">
      <UniqueIdentifier>{6aad1a0e-2ffd-47bc-a4f9-0189677e0081}</UniqueIdentifier>
      <Extensions>cpp;c;cxx;rc;def;r;odl;idl;hpj;bat</Extensions>
    </Filter>
    <Filter Include="Header Files">
      <UniqueIdentifier>{b8a87a47-57de-4606-b6a2-8324dcacf3d2}</UniqueIdentifier>
      <Extensions>h;hpp;hxx;hm;inl</Extensions>
    </Filter>
    <Filter Include="Resource Files">
      <UniqueIdentifier>{88b66e46-ac86-4958-8787-d93e6e873d57}</UniqueIdentifier>
      <Extensions>ico;cur;bmp;dlg;rc2;rct;bin;rgs;gif;jpg;jpeg;jpe</Extensions>
    </Filter>
  </ItemGroup>
  <ItemGroup>
    <ClCompile Include="CController.cpp">
      <Filter>Source Files</Filter>
    </ClCompile>
    <ClCompile Include="CData.cpp">
      <Filter>Source Files</Filter>
    </ClCompile>
    <ClCompile Include="CNeuralNet.cpp">
      <Filter>Source Files</Filter>
    </ClCompile>
    <ClCompile Include="CTimer.cpp">
      <Filter>Source Files</Filter>
    </ClCompile>
    <ClCompile Include="main.cpp">
      <Filter>Source Files</Filter>
    </ClCompile>
    <ClCompile Include="utils.cpp">
      <Filter>Source Files</Filter>
    </ClCompile>
  </ItemGroup>
  <ItemGroup>
    <ClInclude Include="CController.h">
      <Filter>Header Files</Filter>
    </ClInclude>
    <ClInclude Include="CData.h">
      <Filter>Header Files</Filter>
    </ClInclude>
    <ClInclude Include="CNeuralNet.h">
      <Filter>Header Files</Filter>
    </ClInclude>
    <ClInclude Include="CTimer.h">
      <Filter>Header Files</Filter>
    </ClInclude>
    <ClInclude Include="defines.h">
      <Filter>Header Files</Filter>
    </ClInclude>
    <ClInclude Include="resource.h">
      <Filter>Header Files</Filter>
    </ClInclude>
    <ClInclude Include="SVector2D.h">
      <Filter>Header Files</Filter>
    </ClInclude>
    <ClInclude Include="utils.h">
      <Filter>Header Files</Filter>
    </ClInclude>
  </ItemGroup>
  <ItemGroup>
    <ResourceCompile Include="Script1.rc">
      <Filter>Resource Files</Filter>
    </ResourceCompile>
  </ItemGroup>
</Project>